<?xml version="1.0" encoding="utf-8"?>
<Project ToolsVersion="4.0" xmlns="http://schemas.microsoft.com/developer/msbuild/2003">
  <ItemGroup>
    <Filter Include="Source Files">
      <UniqueIdentifier>{4FC737F1-C7A5-4376-A066-2A32D752A2FF}</UniqueIdentifier>
      <Extensions>qml;cpp;c;cc;cxx;def;odl;idl;hpj;bat;asm;asmx</Extensions>
    </Filter>
    <Filter Include="Header Files">
      <UniqueIdentifier>{93995380-89BD-4b04-88EB-625FBE52EBFB}</UniqueIdentifier>
      <Extensions>h;hh;hpp;hxx;hm;inl;inc;xsd</Extensions>
    </Filter>
    <Filter Include="Resource Files">
      <UniqueIdentifier>{67DA6AB6-F800-4c08-8B7A-83BB121AAD01}</UniqueIdentifier>
      <Extensions>qrc;rc;ico;cur;bmp;dlg;rc2;rct;bin;rgs;gif;jpg;jpeg;jpe;resx;tiff;tif;png;wav;mfcribbon-ms</Extensions>
    </Filter>
    <Filter Include="Form Files">
      <UniqueIdentifier>{99349809-55BA-4b9d-BF79-8FDBB0286EB3}</UniqueIdentifier>
      <Extensions>ui</Extensions>
    </Filter>
    <Filter Include="Translation Files">
      <UniqueIdentifier>{639EADAA-A684-42e4-A9AD-28FC9BCB8F7C}</UniqueIdentifier>
      <Extensions>ts</Extensions>
    </Filter>
  </ItemGroup>
  <ItemGroup>
    <QtRcc Include="application.qrc">
      <Filter>Resource Files</Filter>
    </QtRcc>
    <QtUic Include="qlogicae_simnapse\qt\application.ui">
      <Filter>Form Files</Filter>
    </QtUic>
    <QtMoc Include="qlogicae_simnapse\includes\application.hpp">
      <Filter>Header Files</Filter>
    </QtMoc>
    <ClCompile Include="qlogicae_simnapse\sources\application.cpp">
      <Filter>Source Files</Filter>
    </ClCompile>
    <ClInclude Include="pch.hpp">
      <Filter>Header Files</Filter>
    </ClInclude>
    <ClCompile Include="pch.cpp">
      <Filter>Source Files</Filter>
    </ClCompile>
  </ItemGroup>
  <ItemGroup>
    <ClCompile Include="main.cpp">
      <Filter>Source Files</Filter>
    </ClCompile>
    <ClCompile Include="qlogicae_simnapse\sources\assembly.cpp">
      <Filter>Source Files</Filter>
    </ClCompile>
    <ClCompile Include="qlogicae_simnapse\sources\all.cpp">
      <Filter>Source Files</Filter>
    </ClCompile>
    <ClCompile Include="qlogicae_simnapse\sources\utilities.cpp">
      <Filter>Source Files</Filter>
    </ClCompile>
    <ClCompile Include="qlogicae_simnapse\sources\loading.cpp">
      <Filter>Source Files</Filter>
    </ClCompile>
    <ClCompile Include="qlogicae_simnapse\sources\main_menu.cpp">
      <Filter>Source Files</Filter>
    </ClCompile>
    <ClCompile Include="qlogicae_simnapse\sources\splash.cpp">
      <Filter>Source Files</Filter>
    </ClCompile>
    <ClCompile Include="qlogicae_simnapse\sources\about.cpp">
      <Filter>Source Files</Filter>
    </ClCompile>
    <ClCompile Include="qlogicae_simnapse\sources\settings.cpp">
      <Filter>Source Files</Filter>
    </ClCompile>
    <ClCompile Include="qlogicae_simnapse\sources\evaluation.cpp">
      <Filter>Source Files</Filter>
    </ClCompile>
  </ItemGroup>
  <ItemGroup>
    <ClInclude Include="qlogicae_simnapse\resources\application.h">
      <Filter>Header Files</Filter>
    </ClInclude>
    <ClInclude Include="qlogicae_simnapse\resources\application1.h">
      <Filter>Header Files</Filter>
    </ClInclude>
    <ClInclude Include="main.hpp">
      <Filter>Header Files</Filter>
    </ClInclude>
    <ClInclude Include="qlogicae_simnapse\includes\assembly.hpp">
      <Filter>Header Files</Filter>
    </ClInclude>
    <ClInclude Include="qlogicae_simnapse\includes\all.hpp">
      <Filter>Header Files</Filter>
    </ClInclude>
    <ClInclude Include="qlogicae_simnapse\includes\utilities.hpp">
      <Filter>Header Files</Filter>
    </ClInclude>
  </ItemGroup>
  <ItemGroup>
    <ResourceCompile Include="qlogicae_simnapse\resources\application.rc">
      <Filter>Resource Files</Filter>
    </ResourceCompile>
  </ItemGroup>
  <ItemGroup>
    <None Include="qlogicae_simnapse\assembly\x64_masm__main.asm">
      <Filter>Source Files</Filter>
    </None>
  </ItemGroup>
  <ItemGroup>
    <QtMoc Include="qlogicae_simnapse\includes\loading.hpp">
      <Filter>Header Files</Filter>
    </QtMoc>
    <QtMoc Include="qlogicae_simnapse\includes\splash.hpp">
      <Filter>Header Files</Filter>
    </QtMoc>
    <QtMoc Include="qlogicae_simnapse\includes\main_menu.hpp">
      <Filter>Header Files</Filter>
    </QtMoc>
    <QtMoc Include="qlogicae_simnapse\includes\about.hpp">
      <Filter>Header Files</Filter>
    </QtMoc>
    <QtMoc Include="qlogicae_simnapse\includes\settings.hpp">
      <Filter>Header Files</Filter>
    </QtMoc>
    <QtMoc Include="qlogicae_simnapse\includes\evaluation.hpp">
      <Filter>Header Files</Filter>
    </QtMoc>
  </ItemGroup>
  <ItemGroup>
    <QtUic Include="qlogicae_simnapse\qt\loading.ui">
      <Filter>Form Files</Filter>
    </QtUic>
    <QtUic Include="qlogicae_simnapse\qt\splash.ui">
      <Filter>Form Files</Filter>
    </QtUic>
    <QtUic Include="qlogicae_simnapse\qt\main_menu.ui">
      <Filter>Form Files</Filter>
    </QtUic>
    <QtUic Include="qlogicae_simnapse\qt\about.ui">
      <Filter>Form Files</Filter>
    </QtUic>
    <QtUic Include="qlogicae_simnapse\qt\settings.ui">
      <Filter>Form Files</Filter>
    </QtUic>
    <QtUic Include="qlogicae_simnapse\qt\evaluation.ui">
      <Filter>Form Files</Filter>
    </QtUic>
  </ItemGroup>
  <ItemGroup>
    <Font Include="qlogicae\application\assets\fonts\Inter\static\Inter_18pt-Bold.ttf" />
    <Font Include="qlogicae\application\assets\fonts\Inter\static\Inter_18pt-BoldItalic.ttf" />
    <Font Include="qlogicae\application\assets\fonts\Inter\static\Inter_18pt-ExtraBold.ttf" />
    <Font Include="qlogicae\application\assets\fonts\Inter\static\Inter_18pt-ExtraBoldItalic.ttf" />
    <Font Include="qlogicae\application\assets\fonts\Inter\static\Inter_18pt-Italic.ttf" />
    <Font Include="qlogicae\application\assets\fonts\Inter\static\Inter_18pt-Regular.ttf" />
    <Font Include="qlogicae\application\assets\fonts\Inter\static\Inter_18pt-Thin.ttf" />
    <Font Include="qlogicae\application\assets\fonts\Inter\static\Inter_18pt-ThinItalic.ttf" />
    <Font Include="qlogicae\application\assets\fonts\Inter\static\Inter_24pt-Bold.ttf" />
    <Font Include="qlogicae\application\assets\fonts\Inter\static\Inter_24pt-BoldItalic.ttf" />
    <Font Include="qlogicae\application\assets\fonts\Inter\static\Inter_24pt-ExtraBold.ttf" />
    <Font Include="qlogicae\application\assets\fonts\Inter\static\Inter_24pt-ExtraBoldItalic.ttf" />
    <Font Include="qlogicae\application\assets\fonts\Inter\static\Inter_24pt-Italic.ttf" />
    <Font Include="qlogicae\application\assets\fonts\Inter\static\Inter_24pt-Regular.ttf" />
    <Font Include="qlogicae\application\assets\fonts\Inter\static\Inter_24pt-Thin.ttf" />
    <Font Include="qlogicae\application\assets\fonts\Inter\static\Inter_24pt-ThinItalic.ttf" />
    <Font Include="qlogicae\application\assets\fonts\Inter\static\Inter_28pt-Bold.ttf" />
    <Font Include="qlogicae\application\assets\fonts\Inter\static\Inter_28pt-BoldItalic.ttf" />
    <Font Include="qlogicae\application\assets\fonts\Inter\static\Inter_28pt-ExtraBold.ttf" />
    <Font Include="qlogicae\application\assets\fonts\Inter\static\Inter_28pt-ExtraBoldItalic.ttf" />
    <Font Include="qlogicae\application\assets\fonts\Inter\static\Inter_28pt-Italic.ttf" />
    <Font Include="qlogicae\application\assets\fonts\Inter\static\Inter_28pt-Regular.ttf" />
    <Font Include="qlogicae\application\assets\fonts\Inter\static\Inter_28pt-Thin.ttf" />
    <Font Include="qlogicae\application\assets\fonts\Inter\static\Inter_28pt-ThinItalic.ttf" />
    <Font Include="qlogicae\application\assets\fonts\Inter\Inter-Italic-VariableFont_opsz,wght.ttf" />
    <Font Include="qlogicae\application\assets\fonts\Inter\Inter-VariableFont_opsz,wght.ttf" />
  </ItemGroup>
  <ItemGroup>
    <Text Include="qlogicae\application\assets\fonts\Inter\OFL.txt" />
    <Text Include="qlogicae\application\assets\fonts\Inter\README.txt" />
  </ItemGroup>
  <ItemGroup>
    <Image Include="qlogicae\application\assets\icons\aiAssistantToolWindow.png">
      <Filter>Resource Files</Filter>
    </Image>
    <Image Include="qlogicae\application\assets\icons\aiAssistantToolWindow_dark.png">
      <Filter>Resource Files</Filter>
    </Image>
    <Image Include="qlogicae\application\assets\icons\checked.png">
      <Filter>Resource Files</Filter>
    </Image>
    <Image Include="qlogicae\application\assets\icons\checked_dark.png">
      <Filter>Resource Files</Filter>
    </Image>
    <Image Include="qlogicae\application\assets\icons\chevronDown.png">
      <Filter>Resource Files</Filter>
    </Image>
    <Image Include="qlogicae\application\assets\icons\chevronDown_dark.png">
      <Filter>Resource Files</Filter>
    </Image>
    <Image Include="qlogicae\application\assets\icons\chevronLeft.png">
      <Filter>Resource Files</Filter>
    </Image>
    <Image Include="qlogicae\application\assets\icons\chevronLeft_dark.png">
      <Filter>Resource Files</Filter>
    </Image>
    <Image Include="qlogicae\application\assets\icons\chevronRight.png">
      <Filter>Resource Files</Filter>
    </Image>
    <Image Include="qlogicae\application\assets\icons\chevronRight_dark.png">
      <Filter>Resource Files</Filter>
    </Image>
    <Image Include="qlogicae\application\assets\icons\chevronUp.png">
      <Filter>Resource Files</Filter>
    </Image>
    <Image Include="qlogicae\application\assets\icons\chevronUp_dark.png">
      <Filter>Resource Files</Filter>
    </Image>
    <Image Include="qlogicae\application\assets\icons\desktop.png">
      <Filter>Resource Files</Filter>
    </Image>
    <Image Include="qlogicae\application\assets\icons\desktop_dark.png">
      <Filter>Resource Files</Filter>
    </Image>
    <Image Include="qlogicae\application\assets\icons\error.png">
      <Filter>Resource Files</Filter>
    </Image>
    <Image Include="qlogicae\application\assets\icons\error_dark.png">
      <Filter>Resource Files</Filter>
    </Image>
    <Image Include="qlogicae\application\assets\icons\errorOutline.png">
      <Filter>Resource Files</Filter>
    </Image>
    <Image Include="qlogicae\application\assets\icons\errorOutline_dark.png">
      <Filter>Resource Files</Filter>
    </Image>
    <Image Include="qlogicae\application\assets\icons\info.png">
      <Filter>Resource Files</Filter>
    </Image>
    <Image Include="qlogicae\application\assets\icons\info_dark.png">
      <Filter>Resource Files</Filter>
    </Image>
    <Image Include="qlogicae\application\assets\icons\loader.png">
      <Filter>Resource Files</Filter>
    </Image>
    <Image Include="qlogicae\application\assets\icons\loader_dark.png">
      <Filter>Resource Files</Filter>
    </Image>
    <Image Include="qlogicae\application\assets\icons\maximize_dark.png">
      <Filter>Resource Files</Filter>
    </Image>
    <Image Include="qlogicae\application\assets\icons\minimize.png">
      <Filter>Resource Files</Filter>
    </Image>
    <Image Include="qlogicae\application\assets\icons\minimize_dark.png">
      <Filter>Resource Files</Filter>
    </Image>
    <Image Include="qlogicae\application\assets\icons\restore.png">
      <Filter>Resource Files</Filter>
    </Image>
    <Image Include="qlogicae\application\assets\icons\restore_dark.png">
      <Filter>Resource Files</Filter>
    </Image>
    <Image Include="qlogicae\application\assets\icons\settings.png">
      <Filter>Resource Files</Filter>
    </Image>
    <Image Include="qlogicae\application\assets\icons\settings_dark.png">
      <Filter>Resource Files</Filter>
    </Image>
    <Image Include="qlogicae\application\assets\icons\successDialog.png">
      <Filter>Resource Files</Filter>
    </Image>
    <Image Include="qlogicae\application\assets\icons\successDialog_dark.png">
      <Filter>Resource Files</Filter>
    </Image>
    <Image Include="qlogicae\application\assets\icons\warning.png">
      <Filter>Resource Files</Filter>
    </Image>
    <Image Include="qlogicae\application\assets\icons\warning_dark.png">
      <Filter>Resource Files</Filter>
    </Image>
    <Image Include="qlogicae\application\assets\application.ico">
      <Filter>Resource Files</Filter>
    </Image>
    <Image Include="qlogicae\application\assets\application.png">
      <Filter>Resource Files</Filter>
    </Image>
    <Image Include="qlogicae\application\assets\qt.png">
      <Filter>Resource Files</Filter>
    </Image>
  </ItemGroup>
</Project>