<?xml version="1.0" encoding="utf-8"?>
<Project ToolsVersion="4.0" xmlns="http://schemas.microsoft.com/developer/msbuild/2003">
  <ItemGroup>
    <Filter Include="Source Files">
      <UniqueIdentifier>{4FC737F1-C7A5-4376-A066-2A32D752A2FF}</UniqueIdentifier>
      <Extensions>cpp;c;cc;cxx;c++;cppm;ixx;def;odl;idl;hpj;bat;asm;asmx</Extensions>
    </Filter>
    <Filter Include="Header Files">
      <UniqueIdentifier>{93995380-89BD-4b04-88EB-625FBE52EBFB}</UniqueIdentifier>
      <Extensions>h;hh;hpp;hxx;h++;hm;inl;inc;ipp;xsd</Extensions>
    </Filter>
    <Filter Include="Resource Files">
      <UniqueIdentifier>{67DA6AB6-F800-4c08-8B7A-83BB121AAD01}</UniqueIdentifier>
      <Extensions>rc;ico;cur;bmp;dlg;rc2;rct;bin;rgs;gif;jpg;jpeg;jpe;resx;tiff;tif;png;wav;mfcribbon-ms</Extensions>
    </Filter>
  </ItemGroup>
  <ItemGroup>
    <ClInclude Include="framework.hpp">
      <Filter>Header Files</Filter>
    </ClInclude>
    <ClInclude Include="qlogicae_simnapse_core\includes\all.hpp">
      <Filter>Header Files</Filter>
    </ClInclude>
    <ClInclude Include="qlogicae_simnapse_core\includes\application.hpp">
      <Filter>Header Files</Filter>
    </ClInclude>
    <ClInclude Include="qlogicae_simnapse_core\includes\assembly.hpp">
      <Filter>Header Files</Filter>
    </ClInclude>
    <ClInclude Include="qlogicae_simnapse_core\includes\utilities.hpp">
      <Filter>Header Files</Filter>
    </ClInclude>
    <ClInclude Include="pch.hpp">
      <Filter>Header Files</Filter>
    </ClInclude>
    <ClInclude Include="qlogicae_simnapse_core\includes\and_or_neural_network.hpp">
      <Filter>Header Files</Filter>
    </ClInclude>
    <ClInclude Include="qlogicae_simnapse_core\includes\and_or_perceptron.hpp">
      <Filter>Header Files</Filter>
    </ClInclude>
    <ClInclude Include="qlogicae_simnapse_core\includes\and_or_perceptron_activator.hpp">
      <Filter>Header Files</Filter>
    </ClInclude>
    <ClInclude Include="qlogicae_simnapse_core\includes\and_or_neural_network_training_configurations.hpp">
      <Filter>Header Files</Filter>
    </ClInclude>
    <ClInclude Include="qlogicae_simnapse_core\includes\and_or_neural_network_prediction_configurations.hpp">
      <Filter>Header Files</Filter>
    </ClInclude>
    <ClInclude Include="qlogicae_simnapse_core\sources\and_or_perceptron.cpp">
      <Filter>Header Files</Filter>
    </ClInclude>
    <ClInclude Include="qlogicae_simnapse_core\sources\and_or_neural_network.cpp">
      <Filter>Header Files</Filter>
    </ClInclude>
    <ClInclude Include="qlogicae_simnapse_core\sources\and_or_perceptron_activator.cpp">
      <Filter>Header Files</Filter>
    </ClInclude>
    <ClInclude Include="qlogicae_simnapse_core\sources\and_or_neural_network_prediction_configurations.cpp">
      <Filter>Header Files</Filter>
    </ClInclude>
    <ClInclude Include="qlogicae_simnapse_core\sources\and_or_neural_network_training_configurations.cpp">
      <Filter>Header Files</Filter>
    </ClInclude>
    <ClInclude Include="qlogicae_simnapse_core\includes\and_or_neural_network_configurations.hpp">
      <Filter>Header Files</Filter>
    </ClInclude>
    <ClInclude Include="qlogicae_simnapse_core\sources\and_or_neural_network_configurations.cpp">
      <Filter>Header Files</Filter>
    </ClInclude>
    <ClInclude Include="qlogicae_simnapse_core\includes\and_or_neural_network_prediction_results.hpp">
      <Filter>Header Files</Filter>
    </ClInclude>
    <ClInclude Include="qlogicae_simnapse_core\includes\and_or_neural_network_training_results.hpp">
      <Filter>Header Files</Filter>
    </ClInclude>
    <ClInclude Include="qlogicae_simnapse_core\includes\and_or_neural_network_training_epoch_results.hpp">
      <Filter>Header Files</Filter>
    </ClInclude>
    <ClInclude Include="qlogicae_simnapse_core\includes\and_or_perceptron_activator_configurations.hpp">
      <Filter>Header Files</Filter>
    </ClInclude>
    <ClInclude Include="qlogicae_simnapse_core\sources\and_or_perceptron_activator_configurations.cpp">
      <Filter>Header Files</Filter>
    </ClInclude>
  </ItemGroup>
  <ItemGroup>
    <ClCompile Include="qlogicae_simnapse_core\sources\all.cpp">
      <Filter>Source Files</Filter>
    </ClCompile>
    <ClCompile Include="qlogicae_simnapse_core\sources\application.cpp">
      <Filter>Source Files</Filter>
    </ClCompile>
    <ClCompile Include="qlogicae_simnapse_core\sources\assembly.cpp">
      <Filter>Source Files</Filter>
    </ClCompile>
    <ClCompile Include="qlogicae_simnapse_core\sources\utilities.cpp">
      <Filter>Source Files</Filter>
    </ClCompile>
    <ClCompile Include="pch.cpp">
      <Filter>Source Files</Filter>
    </ClCompile>
    <ClCompile Include="qlogicae_simnapse_core\sources\and_or_neural_network_prediction_results.cpp">
      <Filter>Source Files</Filter>
    </ClCompile>
    <ClCompile Include="qlogicae_simnapse_core\sources\and_or_neural_network_training_results.cpp">
      <Filter>Source Files</Filter>
    </ClCompile>
    <ClCompile Include="qlogicae_simnapse_core\sources\and_or_neural_network_training_epoch_results.cpp">
      <Filter>Source Files</Filter>
    </ClCompile>
  </ItemGroup>
  <ItemGroup>
    <MASM Include="qlogicae_simnapse_core\assembly\x64_masm__main.asm">
      <Filter>Source Files</Filter>
    </MASM>
  </ItemGroup>
</Project>