<?xml version="1.0" encoding="utf-8"?>
<Project ToolsVersion="4.0" xmlns="http://schemas.microsoft.com/developer/msbuild/2003">
  <ItemGroup>
    <Filter Include="Source Files">
      <UniqueIdentifier>{4FC737F1-C7A5-4376-A066-2A32D752A2FF}</UniqueIdentifier>
      <Extensions>cpp;c;cc;cxx;c++;cppm;ixx;def;odl;idl;hpj;bat;asm;asmx</Extensions>
    </Filter>
    <Filter Include="Header Files">
      <UniqueIdentifier>{93995380-89BD-4b04-88EB-625FBE52EBFB}</UniqueIdentifier>
      <Extensions>h;hh;hpp;hxx;h++;hm;inl;inc;ipp;xsd</Extensions>
    </Filter>
    <Filter Include="Resource Files">
      <UniqueIdentifier>{67DA6AB6-F800-4c08-8B7A-83BB121AAD01}</UniqueIdentifier>
      <Extensions>rc;ico;cur;bmp;dlg;rc2;rct;bin;rgs;gif;jpg;jpeg;jpe;resx;tiff;tif;png;wav;mfcribbon-ms</Extensions>
    </Filter>
  </ItemGroup>
  <ItemGroup>
    <None Include=".qlogicae\application\configurations\qlogicae.json" />
    <None Include=".qlogicae\application\scripts\environment_variables\get.ps1" />
    <None Include=".qlogicae\application\scripts\environment_variables\set.ps1" />
    <None Include=".qlogicae\application\scripts\environment_variables\view.ps1" />
    <None Include=".qlogicae\application\scripts\inno_setup\deploy.ps1" />
    <None Include=".qlogicae\application\scripts\inno_setup\template.iss" />
    <None Include=".qlogicae\application\scripts\visual_studio_2022\build.ps1" />
    <None Include=".qlogicae\application\scripts\windows_registry\get.ps1" />
    <None Include=".qlogicae\application\scripts\windows_registry\set.ps1" />
    <None Include=".qlogicae\application\scripts\windows_registry\setup.ps1" />
    <None Include=".qlogicae\application\scripts\windows_registry\view.ps1" />
    <None Include=".qlogicae\application\scripts\utilities.ps1" />
    <None Include=".qlogicae\application\templates\debug\build\qlogicae\application\configurations\environment.json" />
    <None Include=".qlogicae\application\templates\debug\environment_variables\system.json" />
    <None Include=".qlogicae\application\templates\debug\environment_variables\user.json" />
    <None Include=".qlogicae\application\templates\debug\windows_registry\hkcu.json" />
    <None Include=".qlogicae\application\templates\debug\windows_registry\hklm.json" />
    <None Include=".qlogicae\application\templates\default\build\qlogicae\application\configurations\qlogicae.json" />
    <None Include=".qlogicae\application\templates\default\environment_variables\system.json" />
    <None Include=".qlogicae\application\templates\default\environment_variables\user.json" />
    <None Include=".qlogicae\application\templates\default\windows_registry\hkcu.json" />
    <None Include=".qlogicae\application\templates\default\windows_registry\hklm.json" />
    <None Include=".qlogicae\application\templates\development\build\qlogicae\application\configurations\environment.json" />
    <None Include=".qlogicae\application\templates\development\environment_variables\system.json" />
    <None Include=".qlogicae\application\templates\development\environment_variables\user.json" />
    <None Include=".qlogicae\application\templates\development\windows_registry\hkcu.json" />
    <None Include=".qlogicae\application\templates\development\windows_registry\hklm.json" />
    <None Include=".qlogicae\application\templates\release\build\qlogicae\application\configurations\environment.json" />
    <None Include=".qlogicae\application\templates\release\environment_variables\system.json" />
    <None Include=".qlogicae\application\templates\release\environment_variables\user.json" />
    <None Include=".qlogicae\application\templates\release\windows_registry\hkcu.json" />
    <None Include=".qlogicae\application\templates\release\windows_registry\hklm.json" />
    <None Include=".qlogicae\application\templates\test\build\qlogicae\application\configurations\environment.json" />
    <None Include=".qlogicae\application\templates\test\environment_variables\system.json" />
    <None Include=".qlogicae\application\templates\test\environment_variables\user.json" />
    <None Include=".qlogicae\application\templates\test\windows_registry\hkcu.json" />
    <None Include=".qlogicae\application\templates\test\windows_registry\hklm.json" />
    <None Include="qlogicae\documentation\1.0.0\api.md" />
    <None Include="qlogicae\documentation\1.0.0\collaboration.md" />
    <None Include="qlogicae\documentation\1.0.0\development.md" />
    <None Include="qlogicae\documentation\1.0.0\file-system.md" />
    <None Include="qlogicae\documentation\1.0.0\index.md" />
    <None Include="qlogicae\documentation\1.0.0\introduction.md" />
    <None Include="qlogicae\documentation\1.0.0\legalities.md" />
    <None Include="qlogicae\documentation\1.0.0\project-state.md" />
    <None Include="qlogicae\documentation\1.0.0\quality-assurance.md" />
    <None Include="qlogicae\documentation\1.0.0\references.md" />
    <None Include="qlogicae\documentation\1.0.0\security.md" />
    <None Include="qlogicae\documentation\index.md" />
    <None Include="qlogicae\documentation\release-notes.md" />
  </ItemGroup>
  <ItemGroup>
    <Text Include=".qlogicae\application\templates\default\build\qlogicae\application\documentation\LICENSE.txt" />
  </ItemGroup>
  <ItemGroup>
    <Image Include="qlogicae\assets\application.ico">
      <Filter>Resource Files</Filter>
    </Image>
  </ItemGroup>
</Project>