<?xml version="1.0" encoding="utf-8"?>
<Project ToolsVersion="4.0" xmlns="http://schemas.microsoft.com/developer/msbuild/2003">
  <ItemGroup>
    <ClCompile Include="main.cpp" />
    <ClCompile Include="pch.cpp" />
    <ClCompile Include="qlogicae_simnapse_core_test\sources\all.cpp" />
    <ClCompile Include="qlogicae_simnapse_core_test\sources\application.cpp" />
    <ClCompile Include="qlogicae_simnapse_core_test\sources\assembly.cpp" />
    <ClCompile Include="qlogicae_simnapse_core_test\sources\utilities.cpp" />
  </ItemGroup>
  <ItemGroup>
    <ClInclude Include="main.hpp" />
    <ClInclude Include="pch.hpp" />
    <ClInclude Include="qlogicae_simnapse_core_test\includes\all.hpp" />
    <ClInclude Include="qlogicae_simnapse_core_test\includes\application.hpp" />
    <ClInclude Include="qlogicae_simnapse_core_test\includes\assembly.hpp" />
    <ClInclude Include="qlogicae_simnapse_core_test\includes\utilities.hpp" />
    <ClInclude Include="qlogicae_simnapse_core_test\resources\application.h" />
  </ItemGroup>
  <ItemGroup>
    <None Include="packages.config" />
  </ItemGroup>
  <ItemGroup>
    <Filter Include="qlogicae">
      <UniqueIdentifier>{63dbc2e2-4e98-4632-9cb4-2b8b5a4ac1f7}</UniqueIdentifier>
    </Filter>
  </ItemGroup>
  <ItemGroup>
    <Image Include="qlogicae\application\assets\application.ico" />
  </ItemGroup>
  <ItemGroup>
    <MASM Include="qlogicae_simnapse_core_test\assembly\x64_masm__main.asm" />
  </ItemGroup>
  <ItemGroup>
    <ResourceCompile Include="qlogicae_simnapse_core_test\resources\application.rc" />
  </ItemGroup>
</Project>